{
  "name": "gridsome-remark-attrs",
  "version": "0.0.1",
  "lockfileVersion": 1,
  "requires": true,
  "dependencies": {
    "html-element-attributes": {
      "version": "2.0.0",
      "resolved": "https://registry.npmjs.org/html-element-attributes/-/html-element-attributes-2.0.0.tgz",
      "integrity": "sha512-eZgT5wMPRqOCG9pIJ//IdX43i940XACFhKfgKUdspWUGsS/MXq+3ilrK5v6Esl/qxQpMnPt5+uVK443konZkNg=="
    },
    "md-attr-parser": {
      "version": "1.2.1",
      "resolved": "https://registry.npmjs.org/md-attr-parser/-/md-attr-parser-1.2.1.tgz",
      "integrity": "sha512-dZqt2L4Q7FUcx6ZcuownAxa74Y7d5jcsHRB2MIgQ0vT10Pa+/0Som6hhJ+jgAjP3vnFtrd4aO+ZMc5K7QVfbiQ=="
    },
    "remark-attr": {
      "version": "0.8.3",
      "resolved": "https://registry.npmjs.org/remark-attr/-/remark-attr-0.8.3.tgz",
      "integrity": "sha512-JMP6rmLwhj5VmDRG99kGr+HNXQ6MmAs+UojeAHGMQFiIitEmJZBkmgOBsWadxu/RTACD4XnMuJXY1QWEFdw31A==",
      "requires": {
        "html-element-attributes": "^2.0.0",
        "md-attr-parser": "^1.2.1"
      }
    }
  }
}
